// !$*UTF8*$!
{
	archiveVersion = 1;
	classes = {
	};
	objectVersion = 46;
	objects = {

/* Begin PBXBuildFile section */
		9A612DF01D6E347700899B09 /* AppDelegate.swift in Sources */ = {isa = PBXBuildFile; fileRef = 9A612DEF1D6E347700899B09 /* AppDelegate.swift */; };
		9A612DF21D6E347700899B09 /* ViewController.swift in Sources */ = {isa = PBXBuildFile; fileRef = 9A612DF11D6E347700899B09 /* ViewController.swift */; };
		9A612DF51D6E347700899B09 /* Main.storyboard in Resources */ = {isa = PBXBuildFile; fileRef = 9A612DF31D6E347700899B09 /* Main.storyboard */; };
		9A612DF71D6E347700899B09 /* Assets.xcassets in Resources */ = {isa = PBXBuildFile; fileRef = 9A612DF61D6E347700899B09 /* Assets.xcassets */; };
		9A612DFA1D6E347700899B09 /* LaunchScreen.storyboard in Resources */ = {isa = PBXBuildFile; fileRef = 9A612DF81D6E347700899B09 /* LaunchScreen.storyboard */; };
		9A612E051D6E347700899B09 /* CustomCollectionsTests.swift in Sources */ = {isa = PBXBuildFile; fileRef = 9A612E041D6E347700899B09 /* CustomCollectionsTests.swift */; };
/* End PBXBuildFile section */

/* Begin PBXContainerItemProxy section */
		9A612E011D6E347700899B09 /* PBXContainerItemProxy */ = {
			isa = PBXContainerItemProxy;
			containerPortal = 9A612DE41D6E347700899B09 /* Project object */;
			proxyType = 1;
			remoteGlobalIDString = 9A612DEB1D6E347700899B09;
			remoteInfo = CustomCollections;
		};
/* End PBXContainerItemProxy section */

/* Begin PBXFileReference section */
		9A612DEC1D6E347700899B09 /* CustomCollections.app */ = {isa = PBXFileReference; explicitFileType = wrapper.application; includeInIndex = 0; path = CustomCollections.app; sourceTree = BUILT_PRODUCTS_DIR; };
		9A612DEF1D6E347700899B09 /* AppDelegate.swift */ = {isa = PBXFileReference; lastKnownFileType = sourcecode.swift; path = AppDelegate.swift; sourceTree = "<group>"; };
		9A612DF11D6E347700899B09 /* ViewController.swift */ = {isa = PBXFileReference; lastKnownFileType = sourcecode.swift; path = ViewController.swift; sourceTree = "<group>"; };
		9A612DF41D6E347700899B09 /* Base */ = {isa = PBXFileReference; lastKnownFileType = file.storyboard; name = Base; path = Base.lproj/Main.storyboard; sourceTree = "<group>"; };
		9A612DF61D6E347700899B09 /* Assets.xcassets */ = {isa = PBXFileReference; lastKnownFileType = folder.assetcatalog; path = Assets.xcassets; sourceTree = "<group>"; };
		9A612DF91D6E347700899B09 /* Base */ = {isa = PBXFileReference; lastKnownFileType = file.storyboard; name = Base; path = Base.lproj/LaunchScreen.storyboard; sourceTree = "<group>"; };
		9A612DFB1D6E347700899B09 /* Info.plist */ = {isa = PBXFileReference; lastKnownFileType = text.plist.xml; path = Info.plist; sourceTree = "<group>"; };
		9A612E001D6E347700899B09 /* CustomCollectionsTests.xctest */ = {isa = PBXFileReference; explicitFileType = wrapper.cfbundle; includeInIndex = 0; path = CustomCollectionsTests.xctest; sourceTree = BUILT_PRODUCTS_DIR; };
		9A612E041D6E347700899B09 /* CustomCollectionsTests.swift */ = {isa = PBXFileReference; lastKnownFileType = sourcecode.swift; path = CustomCollectionsTests.swift; sourceTree = "<group>"; };
		9A612E061D6E347700899B09 /* Info.plist */ = {isa = PBXFileReference; lastKnownFileType = text.plist.xml; path = Info.plist; sourceTree = "<group>"; };
/* End PBXFileReference section */

/* Begin PBXFrameworksBuildPhase section */
		9A612DE91D6E347700899B09 /* Frameworks */ = {
			isa = PBXFrameworksBuildPhase;
			buildActionMask = 2147483647;
			files = (
			);
			runOnlyForDeploymentPostprocessing = 0;
		};
		9A612DFD1D6E347700899B09 /* Frameworks */ = {
			isa = PBXFrameworksBuildPhase;
			buildActionMask = 2147483647;
			files = (
			);
			runOnlyForDeploymentPostprocessing = 0;
		};
/* End PBXFrameworksBuildPhase section */

/* Begin PBXGroup section */
		9A612DE31D6E347700899B09 = {
			isa = PBXGroup;
			children = (
				9A612DEE1D6E347700899B09 /* CustomCollections */,
				9A612E031D6E347700899B09 /* CustomCollectionsTests */,
				9A612DED1D6E347700899B09 /* Products */,
			);
			sourceTree = "<group>";
		};
		9A612DED1D6E347700899B09 /* Products */ = {
			isa = PBXGroup;
			children = (
				9A612DEC1D6E347700899B09 /* CustomCollections.app */,
				9A612E001D6E347700899B09 /* CustomCollectionsTests.xctest */,
			);
			name = Products;
			sourceTree = "<group>";
		};
		9A612DEE1D6E347700899B09 /* CustomCollections */ = {
			isa = PBXGroup;
			children = (
				9A612DEF1D6E347700899B09 /* AppDelegate.swift */,
				9A612DF11D6E347700899B09 /* ViewController.swift */,
				9A612DF31D6E347700899B09 /* Main.storyboard */,
				9A612DF61D6E347700899B09 /* Assets.xcassets */,
				9A612DF81D6E347700899B09 /* LaunchScreen.storyboard */,
				9A612DFB1D6E347700899B09 /* Info.plist */,
			);
			path = CustomCollections;
			sourceTree = "<group>";
		};
		9A612E031D6E347700899B09 /* CustomCollectionsTests */ = {
			isa = PBXGroup;
			children = (
				9A612E041D6E347700899B09 /* CustomCollectionsTests.swift */,
				9A612E061D6E347700899B09 /* Info.plist */,
			);
			path = CustomCollectionsTests;
			sourceTree = "<group>";
		};
/* End PBXGroup section */

/* Begin PBXNativeTarget section */
		9A612DEB1D6E347700899B09 /* CustomCollections */ = {
			isa = PBXNativeTarget;
			buildConfigurationList = 9A612E091D6E347700899B09 /* Build configuration list for PBXNativeTarget "CustomCollections" */;
			buildPhases = (
				9A612DE81D6E347700899B09 /* Sources */,
				9A612DE91D6E347700899B09 /* Frameworks */,
				9A612DEA1D6E347700899B09 /* Resources */,
			);
			buildRules = (
			);
			dependencies = (
			);
			name = CustomCollections;
			productName = CustomCollections;
			productReference = 9A612DEC1D6E347700899B09 /* CustomCollections.app */;
			productType = "com.apple.product-type.application";
		};
		9A612DFF1D6E347700899B09 /* CustomCollectionsTests */ = {
			isa = PBXNativeTarget;
			buildConfigurationList = 9A612E0C1D6E347700899B09 /* Build configuration list for PBXNativeTarget "CustomCollectionsTests" */;
			buildPhases = (
				9A612DFC1D6E347700899B09 /* Sources */,
				9A612DFD1D6E347700899B09 /* Frameworks */,
				9A612DFE1D6E347700899B09 /* Resources */,
			);
			buildRules = (
			);
			dependencies = (
				9A612E021D6E347700899B09 /* PBXTargetDependency */,
			);
			name = CustomCollectionsTests;
			productName = CustomCollectionsTests;
			productReference = 9A612E001D6E347700899B09 /* CustomCollectionsTests.xctest */;
			productType = "com.apple.product-type.bundle.unit-test";
		};
/* End PBXNativeTarget section */

/* Begin PBXProject section */
		9A612DE41D6E347700899B09 /* Project object */ = {
			isa = PBXProject;
			attributes = {
				LastSwiftUpdateCheck = 0730;
				LastUpgradeCheck = 0730;
				ORGANIZATIONNAME = "Vladyslav Anokhin";
				TargetAttributes = {
					9A612DEB1D6E347700899B09 = {
						CreatedOnToolsVersion = 7.3.1;
					};
					9A612DFF1D6E347700899B09 = {
						CreatedOnToolsVersion = 7.3.1;
						TestTargetID = 9A612DEB1D6E347700899B09;
					};
				};
			};
			buildConfigurationList = 9A612DE71D6E347700899B09 /* Build configuration list for PBXProject "CustomCollections" */;
			compatibilityVersion = "Xcode 3.2";
			developmentRegion = English;
			hasScannedForEncodings = 0;
			knownRegions = (
				en,
				Base,
			);
			mainGroup = 9A612DE31D6E347700899B09;
			productRefGroup = 9A612DED1D6E347700899B09 /* Products */;
			projectDirPath = "";
			projectRoot = "";
			targets = (
				9A612DEB1D6E347700899B09 /* CustomCollections */,
				9A612DFF1D6E347700899B09 /* CustomCollectionsTests */,
			);
		};
/* End PBXProject section */

/* Begin PBXResourcesBuildPhase section */
		9A612DEA1D6E347700899B09 /* Resources */ = {
			isa = PBXResourcesBuildPhase;
			buildActionMask = 2147483647;
			files = (
				9A612DFA1D6E347700899B09 /* LaunchScreen.storyboard in Resources */,
				9A612DF71D6E347700899B09 /* Assets.xcassets in Resources */,
				9A612DF51D6E347700899B09 /* Main.storyboard in Resources */,
			);
			runOnlyForDeploymentPostprocessing = 0;
		};
		9A612DFE1D6E347700899B09 /* Resources */ = {
			isa = PBXResourcesBuildPhase;
			buildActionMask = 2147483647;
			files = (
			);
			runOnlyForDeploymentPostprocessing = 0;
		};
/* End PBXResourcesBuildPhase section */

/* Begin PBXSourcesBuildPhase section */
		9A612DE81D6E347700899B09 /* Sources */ = {
			isa = PBXSourcesBuildPhase;
			buildActionMask = 2147483647;
			files = (
				9A612DF21D6E347700899B09 /* ViewController.swift in Sources */,
				9A612DF01D6E347700899B09 /* AppDelegate.swift in Sources */,
			);
			runOnlyForDeploymentPostprocessing = 0;
		};
		9A612DFC1D6E347700899B09 /* Sources */ = {
			isa = PBXSourcesBuildPhase;
			buildActionMask = 2147483647;
			files = (
				9A612E051D6E347700899B09 /* CustomCollectionsTests.swift in Sources */,
			);
			runOnlyForDeploymentPostprocessing = 0;
		};
/* End PBXSourcesBuildPhase section */

/* Begin PBXTargetDependency section */
		9A612E021D6E347700899B09 /* PBXTargetDependency */ = {
			isa = PBXTargetDependency;
			target = 9A612DEB1D6E347700899B09 /* CustomCollections */;
			targetProxy = 9A612E011D6E347700899B09 /* PBXContainerItemProxy */;
		};
/* End PBXTargetDependency section */

/* Begin PBXVariantGroup section */
		9A612DF31D6E347700899B09 /* Main.storyboard */ = {
			isa = PBXVariantGroup;
			children = (
				9A612DF41D6E347700899B09 /* Base */,
			);
			name = Main.storyboard;
			sourceTree = "<group>";
		};
		9A612DF81D6E347700899B09 /* LaunchScreen.storyboard */ = {
			isa = PBXVariantGroup;
			children = (
				9A612DF91D6E347700899B09 /* Base */,
			);
			name = LaunchScreen.storyboard;
			sourceTree = "<group>";
		};
/* End PBXVariantGroup section */

/* Begin XCBuildConfiguration section */
		9A612E071D6E347700899B09 /* Debug */ = {
			isa = XCBuildConfiguration;
			buildSettings = {
				ALWAYS_SEARCH_USER_PATHS = NO;
				CLANG_ANALYZER_NONNULL = YES;
				CLANG_CXX_LANGUAGE_STANDARD = "gnu++0x";
				CLANG_CXX_LIBRARY = "libc++";
				CLANG_ENABLE_MODULES = YES;
				CLANG_ENABLE_OBJC_ARC = YES;
				CLANG_WARN_BOOL_CONVERSION = YES;
				CLANG_WARN_CONSTANT_CONVERSION = YES;
				CLANG_WARN_DIRECT_OBJC_ISA_USAGE = YES_ERROR;
				CLANG_WARN_EMPTY_BODY = YES;
				CLANG_WARN_ENUM_CONVERSION = YES;
				CLANG_WARN_INT_CONVERSION = YES;
				CLANG_WARN_OBJC_ROOT_CLASS = YES_ERROR;
				CLANG_WARN_UNREACHABLE_CODE = YES;
				CLANG_WARN__DUPLICATE_METHOD_MATCH = YES;
				"CODE_SIGN_IDENTITY[sdk=iphoneos*]" = "iPhone Developer";
				COPY_PHASE_STRIP = NO;
				DEBUG_INFORMATION_FORMAT = dwarf;
				ENABLE_STRICT_OBJC_MSGSEND = YES;
				ENABLE_TESTABILITY = YES;
				GCC_C_LANGUAGE_STANDARD = gnu99;
				GCC_DYNAMIC_NO_PIC = NO;
				GCC_NO_COMMON_BLOCKS = YES;
				GCC_OPTIMIZATION_LEVEL = 0;
				GCC_PREPROCESSOR_DEFINITIONS = (
					"DEBUG=1",
					"$(inherited)",
				);
				GCC_WARN_64_TO_32_BIT_CONVERSION = YES;
				GCC_WARN_ABOUT_RETURN_TYPE = YES_ERROR;
				GCC_WARN_UNDECLARED_SELECTOR = YES;
				GCC_WARN_UNINITIALIZED_AUTOS = YES_AGGRESSIVE;
				GCC_WARN_UNUSED_FUNCTION = YES;
				GCC_WARN_UNUSED_VARIABLE = YES;
				IPHONEOS_DEPLOYMENT_TARGET = 9.3;
				MTL_ENABLE_DEBUG_INFO = YES;
				ONLY_ACTIVE_ARCH = YES;
				SDKROOT = iphoneos;
				SWIFT_OPTIMIZATION_LEVEL = "-Onone";
			};
			name = Debug;
		};
		9A612E081D6E347700899B09 /* Release */ = {
			isa = XCBuildConfiguration;
			buildSettings = {
				ALWAYS_SEARCH_USER_PATHS = NO;
				CLANG_ANALYZER_NONNULL = YES;
				CLANG_CXX_LANGUAGE_STANDARD = "gnu++0x";
				CLANG_CXX_LIBRARY = "libc++";
				CLANG_ENABLE_MODULES = YES;
				CLANG_ENABLE_OBJC_ARC = YES;
				CLANG_WARN_BOOL_CONVERSION = YES;
				CLANG_WARN_CONSTANT_CONVERSION = YES;
				CLANG_WARN_DIRECT_OBJC_ISA_USAGE = YES_ERROR;
				CLANG_WARN_EMPTY_BODY = YES;
				CLANG_WARN_ENUM_CONVERSION = YES;
				CLANG_WARN_INT_CONVERSION = YES;
				CLANG_WARN_OBJC_ROOT_CLASS = YES_ERROR;
				CLANG_WARN_UNREACHABLE_CODE = YES;
				CLANG_WARN__DUPLICATE_METHOD_MATCH = YES;
				"CODE_SIGN_IDENTITY[sdk=iphoneos*]" = "iPhone Developer";
				COPY_PHASE_STRIP = NO;
				DEBUG_INFORMATION_FORMAT = "dwarf-with-dsym";
				ENABLE_NS_ASSERTIONS = NO;
				ENABLE_STRICT_OBJC_MSGSEND = YES;
				GCC_C_LANGUAGE_STANDARD = gnu99;
				GCC_NO_COMMON_BLOCKS = YES;
				GCC_WARN_64_TO_32_BIT_CONVERSION = YES;
				GCC_WARN_ABOUT_RETURN_TYPE = YES_ERROR;
				GCC_WARN_UNDECLARED_SELECTOR = YES;
				GCC_WARN_UNINITIALIZED_AUTOS = YES_AGGRESSIVE;
				GCC_WARN_UNUSED_FUNCTION = YES;
				GCC_WARN_UNUSED_VARIABLE = YES;
				IPHONEOS_DEPLOYMENT_TARGET = 9.3;
				MTL_ENABLE_DEBUG_INFO = NO;
				SDKROOT = iphoneos;
				VALIDATE_PRODUCT = YES;
			};
			name = Release;
		};
		9A612E0A1D6E347700899B09 /* Debug */ = {
			isa = XCBuildConfiguration;
			buildSettings = {
				ASSETCATALOG_COMPILER_APPICON_NAME = AppIcon;
				INFOPLIST_FILE = CustomCollections/Info.plist;
				LD_RUNPATH_SEARCH_PATHS = "$(inherited) @executable_path/Frameworks";
				PRODUCT_BUNDLE_IDENTIFIER = vladyslav.anokhin.CustomCollections;
				PRODUCT_NAME = "$(TARGET_NAME)";
			};
			name = Debug;
		};
		9A612E0B1D6E347700899B09 /* Release */ = {
			isa = XCBuildConfiguration;
			buildSettings = {
				ASSETCATALOG_COMPILER_APPICON_NAME = AppIcon;
				INFOPLIST_FILE = CustomCollections/Info.plist;
				LD_RUNPATH_SEARCH_PATHS = "$(inherited) @executable_path/Frameworks";
				PRODUCT_BUNDLE_IDENTIFIER = vladyslav.anokhin.CustomCollections;
				PRODUCT_NAME = "$(TARGET_NAME)";
			};
			name = Release;
		};
		9A612E0D1D6E347700899B09 /* Debug */ = {
			isa = XCBuildConfiguration;
			buildSettings = {
				BUNDLE_LOADER = "$(TEST_HOST)";
				INFOPLIST_FILE = CustomCollectionsTests/Info.plist;
				LD_RUNPATH_SEARCH_PATHS = "$(inherited) @executable_path/Frameworks @loader_path/Frameworks";
				PRODUCT_BUNDLE_IDENTIFIER = vladyslav.anokhin.CustomCollectionsTests;
				PRODUCT_NAME = "$(TARGET_NAME)";
				TEST_HOST = "$(BUILT_PRODUCTS_DIR)/CustomCollections.app/CustomCollections";
			};
			name = Debug;
		};
		9A612E0E1D6E347700899B09 /* Release */ = {
			isa = XCBuildConfiguration;
			buildSettings = {
				BUNDLE_LOADER = "$(TEST_HOST)";
				INFOPLIST_FILE = CustomCollectionsTests/Info.plist;
				LD_RUNPATH_SEARCH_PATHS = "$(inherited) @executable_path/Frameworks @loader_path/Frameworks";
				PRODUCT_BUNDLE_IDENTIFIER = vladyslav.anokhin.CustomCollectionsTests;
				PRODUCT_NAME = "$(TARGET_NAME)";
				TEST_HOST = "$(BUILT_PRODUCTS_DIR)/CustomCollections.app/CustomCollections";
			};
			name = Release;
		};
/* End XCBuildConfiguration section */

/* Begin XCConfigurationList section */
		9A612DE71D6E347700899B09 /* Build configuration list for PBXProject "CustomCollections" */ = {
			isa = XCConfigurationList;
			buildConfigurations = (
				9A612E071D6E347700899B09 /* Debug */,
				9A612E081D6E347700899B09 /* Release */,
			);
			defaultConfigurationIsVisible = 0;
			defaultConfigurationName = Release;
		};
		9A612E091D6E347700899B09 /* Build configuration list for PBXNativeTarget "CustomCollections" */ = {
			isa = XCConfigurationList;
			buildConfigurations = (
				9A612E0A1D6E347700899B09 /* Debug */,
				9A612E0B1D6E347700899B09 /* Release */,
			);
			defaultConfigurationIsVisible = 0;
		};
		9A612E0C1D6E347700899B09 /* Build configuration list for PBXNativeTarget "CustomCollectionsTests" */ = {
			isa = XCConfigurationList;
			buildConfigurations = (
				9A612E0D1D6E347700899B09 /* Debug */,
				9A612E0E1D6E347700899B09 /* Release */,
			);
			defaultConfigurationIsVisible = 0;
		};
/* End XCConfigurationList section */
	};
	rootObject = 9A612DE41D6E347700899B09 /* Project object */;
}
